
Microsoft Visual Studio Solution File, Format Version 12.00
# Visual Studio Version 16
VisualStudioVersion = 16.0.29025.244
MinimumVisualStudioVersion = 10.0.40219.1
Project("{FAE04EC0-301F-11D3-BF4B-00C04F79EFBC}") = "CS_Artee", "CS_Artee\CS_Artee.csproj", "{D55E21DA-4AD6-4BC1-AD8F-E3B3F93E60A6}"
EndProject
Global
	GlobalSection(SolutionConfigurationPlatforms) = preSolution
		Debug|Any CPU = Debug|Any CPU
		Release|Any CPU = Release|Any CPU
	EndGlobalSection
	GlobalSection(ProjectConfigurationPlatforms) = postSolution
		{D55E21DA-4AD6-4BC1-AD8F-E3B3F93E60A6}.Debug|Any CPU.ActiveCfg = Debug|Any CPU
		{D55E21DA-4AD6-4BC1-AD8F-E3B3F93E60A6}.Debug|Any CPU.Build.0 = Debug|Any CPU
		{D55E21DA-4AD6-4BC1-AD8F-E3B3F93E60A6}.Release|Any CPU.ActiveCfg = Release|Any CPU
		{D55E21DA-4AD6-4BC1-AD8F-E3B3F93E60A6}.Release|Any CPU.Build.0 = Release|Any CPU
	EndGlobalSection
	GlobalSection(SolutionProperties) = preSolution
		HideSolutionNode = FALSE
	EndGlobalSection
	GlobalSection(ExtensibilityGlobals) = postSolution
		SolutionGuid = {F76507D8-C840-4254-B5E0-BA4CBDA09FA4}
	EndGlobalSection
EndGlobal
