<?xml version="1.0" encoding="utf-8"?>
<Project ToolsVersion="4.0" xmlns="http://schemas.microsoft.com/developer/msbuild/2003">
  <ItemGroup>
    <ClCompile Include="Artee.cpp" />
    <ClCompile Include="Vec3f.cpp">
      <Filter>Math</Filter>
    </ClCompile>
    <ClCompile Include="Ray.cpp">
      <Filter>Rendering</Filter>
    </ClCompile>
    <ClCompile Include="Camera.cpp">
      <Filter>Rendering</Filter>
    </ClCompile>
    <ClCompile Include="Sphere.cpp">
      <Filter>World\Primitives</Filter>
    </ClCompile>
    <ClCompile Include="Renderer.cpp">
      <Filter>Rendering</Filter>
    </ClCompile>
    <ClCompile Include="Triangle.cpp">
      <Filter>World\Primitives</Filter>
    </ClCompile>
    <ClCompile Include="Material.cpp">
      <Filter>World\Materials</Filter>
    </ClCompile>
    <ClCompile Include="Object.cpp">
      <Filter>World\Objects</Filter>
    </ClCompile>
    <ClCompile Include="BVH.cpp">
      <Filter>World\Accelleration Structures</Filter>
    </ClCompile>
  </ItemGroup>
  <ItemGroup>
    <Filter Include="World">
      <UniqueIdentifier>{00c236a7-1de3-48e7-a90d-b640a6412b5e}</UniqueIdentifier>
    </Filter>
    <Filter Include="World\Primitives">
      <UniqueIdentifier>{b1f04a2b-d2f8-4197-a687-06273b8542b9}</UniqueIdentifier>
    </Filter>
    <Filter Include="Rendering">
      <UniqueIdentifier>{40452ee9-1132-4a32-a3c5-e2e3ded490f5}</UniqueIdentifier>
    </Filter>
    <Filter Include="World\Materials">
      <UniqueIdentifier>{3cbfc18c-7fd8-4d91-837d-b185a743dabb}</UniqueIdentifier>
    </Filter>
    <Filter Include="Image">
      <UniqueIdentifier>{5628d73f-8be9-4f8e-bb3f-d9ca17eeee05}</UniqueIdentifier>
    </Filter>
    <Filter Include="World\Accelleration Structures">
      <UniqueIdentifier>{bcaadc49-0162-4702-895a-81872646fe3d}</UniqueIdentifier>
    </Filter>
    <Filter Include="Math">
      <UniqueIdentifier>{ac6ad08e-7fd7-46ca-89cb-f710313f6f79}</UniqueIdentifier>
    </Filter>
    <Filter Include="Util">
      <UniqueIdentifier>{f4f1d555-2e7f-479a-8c04-e8348c96bac5}</UniqueIdentifier>
    </Filter>
    <Filter Include="World\Objects">
      <UniqueIdentifier>{ff5db44c-3875-4b3b-87d7-f12ba8bd6aa8}</UniqueIdentifier>
    </Filter>
  </ItemGroup>
  <ItemGroup>
    <ClInclude Include="Primitive.h">
      <Filter>World\Primitives</Filter>
    </ClInclude>
    <ClInclude Include="Vec3f.h">
      <Filter>Math</Filter>
    </ClInclude>
    <ClInclude Include="Ray.h">
      <Filter>Rendering</Filter>
    </ClInclude>
    <ClInclude Include="HitRecord.h">
      <Filter>Rendering</Filter>
    </ClInclude>
    <ClInclude Include="Camera.h">
      <Filter>Rendering</Filter>
    </ClInclude>
    <ClInclude Include="Material.h">
      <Filter>World\Materials</Filter>
    </ClInclude>
    <ClInclude Include="Sphere.h">
      <Filter>World\Primitives</Filter>
    </ClInclude>
    <ClInclude Include="Renderer.h">
      <Filter>Rendering</Filter>
    </ClInclude>
    <ClInclude Include="Triangle.h">
      <Filter>World\Primitives</Filter>
    </ClInclude>
    <ClInclude Include="NumericUtil.h">
      <Filter>Util</Filter>
    </ClInclude>
    <ClInclude Include="Object.h">
      <Filter>World\Objects</Filter>
    </ClInclude>
    <ClInclude Include="BVH.h">
      <Filter>World\Accelleration Structures</Filter>
    </ClInclude>
  </ItemGroup>
</Project>